
Microsoft Visual Studio Solution File, Format Version 11.00
# Visual Studio 2010
Project("{8BC9CEB8-8B4A-11D0-8D11-00A0C91BC942}") = "Wheel", "Wheel\Wheel.vcxproj", "{1B5C21FC-183F-4537-B425-B92B2531141B}"
EndProject
Global
	GlobalSection(SolutionConfigurationPlatforms) = preSolution
		Debug|Win32 = Debug|Win32
		Release|Win32 = Release|Win32
	EndGlobalSection
	GlobalSection(ProjectConfigurationPlatforms) = postSolution
		{1B5C21FC-183F-4537-B425-B92B2531141B}.Debug|Win32.ActiveCfg = Debug|Win32
		{1B5C21FC-183F-4537-B425-B92B2531141B}.Debug|Win32.Build.0 = Debug|Win32
		{1B5C21FC-183F-4537-B425-B92B2531141B}.Release|Win32.ActiveCfg = Release|Win32
		{1B5C21FC-183F-4537-B425-B92B2531141B}.Release|Win32.Build.0 = Release|Win32
	EndGlobalSection
	GlobalSection(SolutionProperties) = preSolution
		HideSolutionNode = FALSE
	EndGlobalSection
EndGlobal
